
Microsoft Visual Studio Solution File, Format Version 12.00
# Visual Studio Version 17
VisualStudioVersion = 17.8.34408.163
MinimumVisualStudioVersion = 10.0.40219.1
Project("{9A19103F-16F7-4668-BE54-9A1E7A4F7556}") = "Magic Formula App", "Magic Formula App\Magic Formula App.csproj", "{E7623B54-E226-40DB-96BC-0A47A16FB008}"
EndProject
Project("{9A19103F-16F7-4668-BE54-9A1E7A4F7556}") = "Shared", "Shared\Shared.csproj", "{561799AE-215E-4E05-A4B1-5A4CE619AE23}"
EndProject
Project("{9A19103F-16F7-4668-BE54-9A1E7A4F7556}") = "Importer", "Importer\Importer.csproj", "{5A965388-2009-4F7B-BCE9-A4390524BE14}"
EndProject
Project("{9A19103F-16F7-4668-BE54-9A1E7A4F7556}") = "Updater", "Updater\Updater.csproj", "{C3B86ED3-2C83-4CCC-8203-3E12CE53DAAC}"
EndProject
Global
	GlobalSection(SolutionConfigurationPlatforms) = preSolution
		Debug|Any CPU = Debug|Any CPU
		Release|Any CPU = Release|Any CPU
	EndGlobalSection
	GlobalSection(ProjectConfigurationPlatforms) = postSolution
		{E7623B54-E226-40DB-96BC-0A47A16FB008}.Debug|Any CPU.ActiveCfg = Debug|Any CPU
		{E7623B54-E226-40DB-96BC-0A47A16FB008}.Debug|Any CPU.Build.0 = Debug|Any CPU
		{E7623B54-E226-40DB-96BC-0A47A16FB008}.Release|Any CPU.ActiveCfg = Release|Any CPU
		{E7623B54-E226-40DB-96BC-0A47A16FB008}.Release|Any CPU.Build.0 = Release|Any CPU
		{561799AE-215E-4E05-A4B1-5A4CE619AE23}.Debug|Any CPU.ActiveCfg = Debug|Any CPU
		{561799AE-215E-4E05-A4B1-5A4CE619AE23}.Debug|Any CPU.Build.0 = Debug|Any CPU
		{561799AE-215E-4E05-A4B1-5A4CE619AE23}.Release|Any CPU.ActiveCfg = Release|Any CPU
		{561799AE-215E-4E05-A4B1-5A4CE619AE23}.Release|Any CPU.Build.0 = Release|Any CPU
		{5A965388-2009-4F7B-BCE9-A4390524BE14}.Debug|Any CPU.ActiveCfg = Debug|Any CPU
		{5A965388-2009-4F7B-BCE9-A4390524BE14}.Debug|Any CPU.Build.0 = Debug|Any CPU
		{5A965388-2009-4F7B-BCE9-A4390524BE14}.Release|Any CPU.ActiveCfg = Release|Any CPU
		{5A965388-2009-4F7B-BCE9-A4390524BE14}.Release|Any CPU.Build.0 = Release|Any CPU
		{C3B86ED3-2C83-4CCC-8203-3E12CE53DAAC}.Debug|Any CPU.ActiveCfg = Debug|Any CPU
		{C3B86ED3-2C83-4CCC-8203-3E12CE53DAAC}.Debug|Any CPU.Build.0 = Debug|Any CPU
		{C3B86ED3-2C83-4CCC-8203-3E12CE53DAAC}.Release|Any CPU.ActiveCfg = Release|Any CPU
		{C3B86ED3-2C83-4CCC-8203-3E12CE53DAAC}.Release|Any CPU.Build.0 = Release|Any CPU
	EndGlobalSection
	GlobalSection(SolutionProperties) = preSolution
		HideSolutionNode = FALSE
	EndGlobalSection
	GlobalSection(ExtensibilityGlobals) = postSolution
		SolutionGuid = {70C82832-E028-47EB-B5EA-AFC2017A4F8C}
	EndGlobalSection
EndGlobal
